// !$*UTF8*$!
{
	archiveVersion = 1;
	classes = {
	};
	objectVersion = 46;
	objects = {

/* Begin PBXBuildFile section */
		D288D7251EFD8C0E00A12A3B /* AppDelegate.swift in Sources */ = {isa = PBXBuildFile; fileRef = D288D7241EFD8C0E00A12A3B /* AppDelegate.swift */; };
		D288D7271EFD8C0E00A12A3B /* DwiftController.swift in Sources */ = {isa = PBXBuildFile; fileRef = D288D7261EFD8C0E00A12A3B /* DwiftController.swift */; };
		D288D72A1EFD8C0E00A12A3B /* Main.storyboard in Resources */ = {isa = PBXBuildFile; fileRef = D288D7281EFD8C0E00A12A3B /* Main.storyboard */; };
		D288D72C1EFD8C0E00A12A3B /* Assets.xcassets in Resources */ = {isa = PBXBuildFile; fileRef = D288D72B1EFD8C0E00A12A3B /* Assets.xcassets */; };
		D288D72F1EFD8C0E00A12A3B /* LaunchScreen.storyboard in Resources */ = {isa = PBXBuildFile; fileRef = D288D72D1EFD8C0E00A12A3B /* LaunchScreen.storyboard */; };
		D288D7371EFD8C8700A12A3B /* DwiftView.swift in Sources */ = {isa = PBXBuildFile; fileRef = D288D7361EFD8C8700A12A3B /* DwiftView.swift */; };
/* End PBXBuildFile section */

/* Begin PBXFileReference section */
		D288D7211EFD8C0E00A12A3B /* natcode_0101_ghostkiller.app */ = {isa = PBXFileReference; explicitFileType = wrapper.application; includeInIndex = 0; path = natcode_0101_ghostkiller.app; sourceTree = BUILT_PRODUCTS_DIR; };
		D288D7241EFD8C0E00A12A3B /* AppDelegate.swift */ = {isa = PBXFileReference; lastKnownFileType = sourcecode.swift; path = AppDelegate.swift; sourceTree = "<group>"; };
		D288D7261EFD8C0E00A12A3B /* DwiftController.swift */ = {isa = PBXFileReference; lastKnownFileType = sourcecode.swift; path = DwiftController.swift; sourceTree = "<group>"; };
		D288D7291EFD8C0E00A12A3B /* Base */ = {isa = PBXFileReference; lastKnownFileType = file.storyboard; name = Base; path = Base.lproj/Main.storyboard; sourceTree = "<group>"; };
		D288D72B1EFD8C0E00A12A3B /* Assets.xcassets */ = {isa = PBXFileReference; lastKnownFileType = folder.assetcatalog; path = Assets.xcassets; sourceTree = "<group>"; };
		D288D72E1EFD8C0E00A12A3B /* Base */ = {isa = PBXFileReference; lastKnownFileType = file.storyboard; name = Base; path = Base.lproj/LaunchScreen.storyboard; sourceTree = "<group>"; };
		D288D7301EFD8C0E00A12A3B /* Info.plist */ = {isa = PBXFileReference; lastKnownFileType = text.plist.xml; path = Info.plist; sourceTree = "<group>"; };
		D288D7361EFD8C8700A12A3B /* DwiftView.swift */ = {isa = PBXFileReference; fileEncoding = 4; lastKnownFileType = sourcecode.swift; path = DwiftView.swift; sourceTree = "<group>"; };
/* End PBXFileReference section */

/* Begin PBXFrameworksBuildPhase section */
		D288D71E1EFD8C0E00A12A3B /* Frameworks */ = {
			isa = PBXFrameworksBuildPhase;
			buildActionMask = 2147483647;
			files = (
			);
			runOnlyForDeploymentPostprocessing = 0;
		};
/* End PBXFrameworksBuildPhase section */

/* Begin PBXGroup section */
		D288D7181EFD8C0E00A12A3B = {
			isa = PBXGroup;
			children = (
				D288D7231EFD8C0E00A12A3B /* natcode_0101_ghostkiller */,
				D288D7221EFD8C0E00A12A3B /* Products */,
			);
			sourceTree = "<group>";
		};
		D288D7221EFD8C0E00A12A3B /* Products */ = {
			isa = PBXGroup;
			children = (
				D288D7211EFD8C0E00A12A3B /* natcode_0101_ghostkiller.app */,
			);
			name = Products;
			sourceTree = "<group>";
		};
		D288D7231EFD8C0E00A12A3B /* natcode_0101_ghostkiller */ = {
			isa = PBXGroup;
			children = (
				D288D7241EFD8C0E00A12A3B /* AppDelegate.swift */,
				D288D7261EFD8C0E00A12A3B /* DwiftController.swift */,
				D288D7361EFD8C8700A12A3B /* DwiftView.swift */,
				D288D7281EFD8C0E00A12A3B /* Main.storyboard */,
				D288D72B1EFD8C0E00A12A3B /* Assets.xcassets */,
				D288D72D1EFD8C0E00A12A3B /* LaunchScreen.storyboard */,
				D288D7301EFD8C0E00A12A3B /* Info.plist */,
			);
			path = natcode_0101_ghostkiller;
			sourceTree = "<group>";
		};
/* End PBXGroup section */

/* Begin PBXNativeTarget section */
		D288D7201EFD8C0E00A12A3B /* natcode_0101_ghostkiller */ = {
			isa = PBXNativeTarget;
			buildConfigurationList = D288D7331EFD8C0E00A12A3B /* Build configuration list for PBXNativeTarget "natcode_0101_ghostkiller" */;
			buildPhases = (
				D288D71D1EFD8C0E00A12A3B /* Sources */,
				D288D71E1EFD8C0E00A12A3B /* Frameworks */,
				D288D71F1EFD8C0E00A12A3B /* Resources */,
			);
			buildRules = (
			);
			dependencies = (
			);
			name = natcode_0101_ghostkiller;
			productName = natcode_0101_ghostkiller;
			productReference = D288D7211EFD8C0E00A12A3B /* natcode_0101_ghostkiller.app */;
			productType = "com.apple.product-type.application";
		};
/* End PBXNativeTarget section */

/* Begin PBXProject section */
		D288D7191EFD8C0E00A12A3B /* Project object */ = {
			isa = PBXProject;
			attributes = {
				LastSwiftUpdateCheck = 0830;
				LastUpgradeCheck = 0830;
				ORGANIZATIONNAME = carlynorama;
				TargetAttributes = {
					D288D7201EFD8C0E00A12A3B = {
						CreatedOnToolsVersion = 8.3.3;
						DevelopmentTeam = KH3G9PXA68;
						ProvisioningStyle = Automatic;
					};
				};
			};
			buildConfigurationList = D288D71C1EFD8C0E00A12A3B /* Build configuration list for PBXProject "natcode_0101_ghostkiller" */;
			compatibilityVersion = "Xcode 3.2";
			developmentRegion = English;
			hasScannedForEncodings = 0;
			knownRegions = (
				en,
				Base,
			);
			mainGroup = D288D7181EFD8C0E00A12A3B;
			productRefGroup = D288D7221EFD8C0E00A12A3B /* Products */;
			projectDirPath = "";
			projectRoot = "";
			targets = (
				D288D7201EFD8C0E00A12A3B /* natcode_0101_ghostkiller */,
			);
		};
/* End PBXProject section */

/* Begin PBXResourcesBuildPhase section */
		D288D71F1EFD8C0E00A12A3B /* Resources */ = {
			isa = PBXResourcesBuildPhase;
			buildActionMask = 2147483647;
			files = (
				D288D72F1EFD8C0E00A12A3B /* LaunchScreen.storyboard in Resources */,
				D288D72C1EFD8C0E00A12A3B /* Assets.xcassets in Resources */,
				D288D72A1EFD8C0E00A12A3B /* Main.storyboard in Resources */,
			);
			runOnlyForDeploymentPostprocessing = 0;
		};
/* End PBXResourcesBuildPhase section */

/* Begin PBXSourcesBuildPhase section */
		D288D71D1EFD8C0E00A12A3B /* Sources */ = {
			isa = PBXSourcesBuildPhase;
			buildActionMask = 2147483647;
			files = (
				D288D7271EFD8C0E00A12A3B /* DwiftController.swift in Sources */,
				D288D7371EFD8C8700A12A3B /* DwiftView.swift in Sources */,
				D288D7251EFD8C0E00A12A3B /* AppDelegate.swift in Sources */,
			);
			runOnlyForDeploymentPostprocessing = 0;
		};
/* End PBXSourcesBuildPhase section */

/* Begin PBXVariantGroup section */
		D288D7281EFD8C0E00A12A3B /* Main.storyboard */ = {
			isa = PBXVariantGroup;
			children = (
				D288D7291EFD8C0E00A12A3B /* Base */,
			);
			name = Main.storyboard;
			sourceTree = "<group>";
		};
		D288D72D1EFD8C0E00A12A3B /* LaunchScreen.storyboard */ = {
			isa = PBXVariantGroup;
			children = (
				D288D72E1EFD8C0E00A12A3B /* Base */,
			);
			name = LaunchScreen.storyboard;
			sourceTree = "<group>";
		};
/* End PBXVariantGroup section */

/* Begin XCBuildConfiguration section */
		D288D7311EFD8C0E00A12A3B /* Debug */ = {
			isa = XCBuildConfiguration;
			buildSettings = {
				ALWAYS_SEARCH_USER_PATHS = NO;
				CLANG_ANALYZER_NONNULL = YES;
				CLANG_ANALYZER_NUMBER_OBJECT_CONVERSION = YES_AGGRESSIVE;
				CLANG_CXX_LANGUAGE_STANDARD = "gnu++0x";
				CLANG_CXX_LIBRARY = "libc++";
				CLANG_ENABLE_MODULES = YES;
				CLANG_ENABLE_OBJC_ARC = YES;
				CLANG_WARN_BOOL_CONVERSION = YES;
				CLANG_WARN_CONSTANT_CONVERSION = YES;
				CLANG_WARN_DIRECT_OBJC_ISA_USAGE = YES_ERROR;
				CLANG_WARN_DOCUMENTATION_COMMENTS = YES;
				CLANG_WARN_EMPTY_BODY = YES;
				CLANG_WARN_ENUM_CONVERSION = YES;
				CLANG_WARN_INFINITE_RECURSION = YES;
				CLANG_WARN_INT_CONVERSION = YES;
				CLANG_WARN_OBJC_ROOT_CLASS = YES_ERROR;
				CLANG_WARN_SUSPICIOUS_MOVE = YES;
				CLANG_WARN_UNREACHABLE_CODE = YES;
				CLANG_WARN__DUPLICATE_METHOD_MATCH = YES;
				"CODE_SIGN_IDENTITY[sdk=iphoneos*]" = "iPhone Developer";
				COPY_PHASE_STRIP = NO;
				DEBUG_INFORMATION_FORMAT = dwarf;
				ENABLE_STRICT_OBJC_MSGSEND = YES;
				ENABLE_TESTABILITY = YES;
				GCC_C_LANGUAGE_STANDARD = gnu99;
				GCC_DYNAMIC_NO_PIC = NO;
				GCC_NO_COMMON_BLOCKS = YES;
				GCC_OPTIMIZATION_LEVEL = 0;
				GCC_PREPROCESSOR_DEFINITIONS = (
					"DEBUG=1",
					"$(inherited)",
				);
				GCC_WARN_64_TO_32_BIT_CONVERSION = YES;
				GCC_WARN_ABOUT_RETURN_TYPE = YES_ERROR;
				GCC_WARN_UNDECLARED_SELECTOR = YES;
				GCC_WARN_UNINITIALIZED_AUTOS = YES_AGGRESSIVE;
				GCC_WARN_UNUSED_FUNCTION = YES;
				GCC_WARN_UNUSED_VARIABLE = YES;
				IPHONEOS_DEPLOYMENT_TARGET = 10.3;
				MTL_ENABLE_DEBUG_INFO = YES;
				ONLY_ACTIVE_ARCH = YES;
				SDKROOT = iphoneos;
				SWIFT_ACTIVE_COMPILATION_CONDITIONS = DEBUG;
				SWIFT_OPTIMIZATION_LEVEL = "-Onone";
				TARGETED_DEVICE_FAMILY = "1,2";
			};
			name = Debug;
		};
		D288D7321EFD8C0E00A12A3B /* Release */ = {
			isa = XCBuildConfiguration;
			buildSettings = {
				ALWAYS_SEARCH_USER_PATHS = NO;
				CLANG_ANALYZER_NONNULL = YES;
				CLANG_ANALYZER_NUMBER_OBJECT_CONVERSION = YES_AGGRESSIVE;
				CLANG_CXX_LANGUAGE_STANDARD = "gnu++0x";
				CLANG_CXX_LIBRARY = "libc++";
				CLANG_ENABLE_MODULES = YES;
				CLANG_ENABLE_OBJC_ARC = YES;
				CLANG_WARN_BOOL_CONVERSION = YES;
				CLANG_WARN_CONSTANT_CONVERSION = YES;
				CLANG_WARN_DIRECT_OBJC_ISA_USAGE = YES_ERROR;
				CLANG_WARN_DOCUMENTATION_COMMENTS = YES;
				CLANG_WARN_EMPTY_BODY = YES;
				CLANG_WARN_ENUM_CONVERSION = YES;
				CLANG_WARN_INFINITE_RECURSION = YES;
				CLANG_WARN_INT_CONVERSION = YES;
				CLANG_WARN_OBJC_ROOT_CLASS = YES_ERROR;
				CLANG_WARN_SUSPICIOUS_MOVE = YES;
				CLANG_WARN_UNREACHABLE_CODE = YES;
				CLANG_WARN__DUPLICATE_METHOD_MATCH = YES;
				"CODE_SIGN_IDENTITY[sdk=iphoneos*]" = "iPhone Developer";
				COPY_PHASE_STRIP = NO;
				DEBUG_INFORMATION_FORMAT = "dwarf-with-dsym";
				ENABLE_NS_ASSERTIONS = NO;
				ENABLE_STRICT_OBJC_MSGSEND = YES;
				GCC_C_LANGUAGE_STANDARD = gnu99;
				GCC_NO_COMMON_BLOCKS = YES;
				GCC_WARN_64_TO_32_BIT_CONVERSION = YES;
				GCC_WARN_ABOUT_RETURN_TYPE = YES_ERROR;
				GCC_WARN_UNDECLARED_SELECTOR = YES;
				GCC_WARN_UNINITIALIZED_AUTOS = YES_AGGRESSIVE;
				GCC_WARN_UNUSED_FUNCTION = YES;
				GCC_WARN_UNUSED_VARIABLE = YES;
				IPHONEOS_DEPLOYMENT_TARGET = 10.3;
				MTL_ENABLE_DEBUG_INFO = NO;
				SDKROOT = iphoneos;
				SWIFT_OPTIMIZATION_LEVEL = "-Owholemodule";
				TARGETED_DEVICE_FAMILY = "1,2";
				VALIDATE_PRODUCT = YES;
			};
			name = Release;
		};
		D288D7341EFD8C0E00A12A3B /* Debug */ = {
			isa = XCBuildConfiguration;
			buildSettings = {
				ASSETCATALOG_COMPILER_APPICON_NAME = AppIcon;
				DEVELOPMENT_TEAM = KH3G9PXA68;
				INFOPLIST_FILE = natcode_0101_ghostkiller/Info.plist;
				LD_RUNPATH_SEARCH_PATHS = "$(inherited) @executable_path/Frameworks";
				PRODUCT_BUNDLE_IDENTIFIER = "com.carlynorama.natcode-0101-ghostkiller";
				PRODUCT_NAME = "$(TARGET_NAME)";
				SWIFT_VERSION = 3.0;
			};
			name = Debug;
		};
		D288D7351EFD8C0E00A12A3B /* Release */ = {
			isa = XCBuildConfiguration;
			buildSettings = {
				ASSETCATALOG_COMPILER_APPICON_NAME = AppIcon;
				DEVELOPMENT_TEAM = KH3G9PXA68;
				INFOPLIST_FILE = natcode_0101_ghostkiller/Info.plist;
				LD_RUNPATH_SEARCH_PATHS = "$(inherited) @executable_path/Frameworks";
				PRODUCT_BUNDLE_IDENTIFIER = "com.carlynorama.natcode-0101-ghostkiller";
				PRODUCT_NAME = "$(TARGET_NAME)";
				SWIFT_VERSION = 3.0;
			};
			name = Release;
		};
/* End XCBuildConfiguration section */

/* Begin XCConfigurationList section */
		D288D71C1EFD8C0E00A12A3B /* Build configuration list for PBXProject "natcode_0101_ghostkiller" */ = {
			isa = XCConfigurationList;
			buildConfigurations = (
				D288D7311EFD8C0E00A12A3B /* Debug */,
				D288D7321EFD8C0E00A12A3B /* Release */,
			);
			defaultConfigurationIsVisible = 0;
			defaultConfigurationName = Release;
		};
		D288D7331EFD8C0E00A12A3B /* Build configuration list for PBXNativeTarget "natcode_0101_ghostkiller" */ = {
			isa = XCConfigurationList;
			buildConfigurations = (
				D288D7341EFD8C0E00A12A3B /* Debug */,
				D288D7351EFD8C0E00A12A3B /* Release */,
			);
			defaultConfigurationIsVisible = 0;
		};
/* End XCConfigurationList section */
	};
	rootObject = D288D7191EFD8C0E00A12A3B /* Project object */;
}
